// !$*UTF8*$!
{
	archiveVersion = 1;
	classes = {
	};
	objectVersion = 77;
	objects = {

/* Begin PBXContainerItemProxy section */
		4002F92E2DFD10FB009E3B6A /* PBXContainerItemProxy */ = {
			isa = PBXContainerItemProxy;
			containerPortal = 4002F9142DFD10F7009E3B6A /* Project object */;
			proxyType = 1;
			remoteGlobalIDString = 4002F91B2DFD10F8009E3B6A;
			remoteInfo = BlackmouthFront;
		};
		4002F9382DFD10FC009E3B6A /* PBXContainerItemProxy */ = {
			isa = PBXContainerItemProxy;
			containerPortal = 4002F9142DFD10F7009E3B6A /* Project object */;
			proxyType = 1;
			remoteGlobalIDString = 4002F91B2DFD10F8009E3B6A;
			remoteInfo = BlackmouthFront;
		};
/* End PBXContainerItemProxy section */

/* Begin PBXFileReference section */
		4002F91C2DFD10F8009E3B6A /* BlackmouthFront.app */ = {isa = PBXFileReference; explicitFileType = wrapper.application; includeInIndex = 0; path = BlackmouthFront.app; sourceTree = BUILT_PRODUCTS_DIR; };
		4002F92D2DFD10FB009E3B6A /* BlackmouthFrontTests.xctest */ = {isa = PBXFileReference; explicitFileType = wrapper.cfbundle; includeInIndex = 0; path = BlackmouthFrontTests.xctest; sourceTree = BUILT_PRODUCTS_DIR; };
		4002F9372DFD10FC009E3B6A /* BlackmouthFrontUITests.xctest */ = {isa = PBXFileReference; explicitFileType = wrapper.cfbundle; includeInIndex = 0; path = BlackmouthFrontUITests.xctest; sourceTree = BUILT_PRODUCTS_DIR; };
/* End PBXFileReference section */

/* Begin PBXFileSystemSynchronizedRootGroup section */
		4002F91E2DFD10F8009E3B6A /* BlackmouthFront */ = {
			isa = PBXFileSystemSynchronizedRootGroup;
			path = BlackmouthFront;
			sourceTree = "<group>";
		};
		4002F9302DFD10FB009E3B6A /* BlackmouthFrontTests */ = {
			isa = PBXFileSystemSynchronizedRootGroup;
			path = BlackmouthFrontTests;
			sourceTree = "<group>";
		};
		4002F93A2DFD10FC009E3B6A /* BlackmouthFrontUITests */ = {
			isa = PBXFileSystemSynchronizedRootGroup;
			path = BlackmouthFrontUITests;
			sourceTree = "<group>";
		};
/* End PBXFileSystemSynchronizedRootGroup section */

/* Begin PBXFrameworksBuildPhase section */
		4002F9192DFD10F8009E3B6A /* Frameworks */ = {
			isa = PBXFrameworksBuildPhase;
			buildActionMask = 2147483647;
			files = (
			);
			runOnlyForDeploymentPostprocessing = 0;
		};
		4002F92A2DFD10FB009E3B6A /* Frameworks */ = {
			isa = PBXFrameworksBuildPhase;
			buildActionMask = 2147483647;
			files = (
			);
			runOnlyForDeploymentPostprocessing = 0;
		};
		4002F9342DFD10FC009E3B6A /* Frameworks */ = {
			isa = PBXFrameworksBuildPhase;
			buildActionMask = 2147483647;
			files = (
			);
			runOnlyForDeploymentPostprocessing = 0;
		};
/* End PBXFrameworksBuildPhase section */

/* Begin PBXGroup section */
		4002F9132DFD10F7009E3B6A = {
			isa = PBXGroup;
			children = (
				4002F91E2DFD10F8009E3B6A /* BlackmouthFront */,
				4002F9302DFD10FB009E3B6A /* BlackmouthFrontTests */,
				4002F93A2DFD10FC009E3B6A /* BlackmouthFrontUITests */,
				4002F91D2DFD10F8009E3B6A /* Products */,
			);
			sourceTree = "<group>";
		};
		4002F91D2DFD10F8009E3B6A /* Products */ = {
			isa = PBXGroup;
			children = (
				4002F91C2DFD10F8009E3B6A /* BlackmouthFront.app */,
				4002F92D2DFD10FB009E3B6A /* BlackmouthFrontTests.xctest */,
				4002F9372DFD10FC009E3B6A /* BlackmouthFrontUITests.xctest */,
			);
			name = Products;
			sourceTree = "<group>";
		};
/* End PBXGroup section */

/* Begin PBXNativeTarget section */
		4002F91B2DFD10F8009E3B6A /* BlackmouthFront */ = {
			isa = PBXNativeTarget;
			buildConfigurationList = 4002F9412DFD10FC009E3B6A /* Build configuration list for PBXNativeTarget "BlackmouthFront" */;
			buildPhases = (
				4002F9182DFD10F8009E3B6A /* Sources */,
				4002F9192DFD10F8009E3B6A /* Frameworks */,
				4002F91A2DFD10F8009E3B6A /* Resources */,
			);
			buildRules = (
			);
			dependencies = (
			);
			fileSystemSynchronizedGroups = (
				4002F91E2DFD10F8009E3B6A /* BlackmouthFront */,
			);
			name = BlackmouthFront;
			packageProductDependencies = (
			);
			productName = BlackmouthFront;
			productReference = 4002F91C2DFD10F8009E3B6A /* BlackmouthFront.app */;
			productType = "com.apple.product-type.application";
		};
		4002F92C2DFD10FB009E3B6A /* BlackmouthFrontTests */ = {
			isa = PBXNativeTarget;
			buildConfigurationList = 4002F9442DFD10FC009E3B6A /* Build configuration list for PBXNativeTarget "BlackmouthFrontTests" */;
			buildPhases = (
				4002F9292DFD10FB009E3B6A /* Sources */,
				4002F92A2DFD10FB009E3B6A /* Frameworks */,
				4002F92B2DFD10FB009E3B6A /* Resources */,
			);
			buildRules = (
			);
			dependencies = (
				4002F92F2DFD10FB009E3B6A /* PBXTargetDependency */,
			);
			fileSystemSynchronizedGroups = (
				4002F9302DFD10FB009E3B6A /* BlackmouthFrontTests */,
			);
			name = BlackmouthFrontTests;
			packageProductDependencies = (
			);
			productName = BlackmouthFrontTests;
			productReference = 4002F92D2DFD10FB009E3B6A /* BlackmouthFrontTests.xctest */;
			productType = "com.apple.product-type.bundle.unit-test";
		};
		4002F9362DFD10FC009E3B6A /* BlackmouthFrontUITests */ = {
			isa = PBXNativeTarget;
			buildConfigurationList = 4002F9472DFD10FC009E3B6A /* Build configuration list for PBXNativeTarget "BlackmouthFrontUITests" */;
			buildPhases = (
				4002F9332DFD10FC009E3B6A /* Sources */,
				4002F9342DFD10FC009E3B6A /* Frameworks */,
				4002F9352DFD10FC009E3B6A /* Resources */,
			);
			buildRules = (
			);
			dependencies = (
				4002F9392DFD10FC009E3B6A /* PBXTargetDependency */,
			);
			fileSystemSynchronizedGroups = (
				4002F93A2DFD10FC009E3B6A /* BlackmouthFrontUITests */,
			);
			name = BlackmouthFrontUITests;
			packageProductDependencies = (
			);
			productName = BlackmouthFrontUITests;
			productReference = 4002F9372DFD10FC009E3B6A /* BlackmouthFrontUITests.xctest */;
			productType = "com.apple.product-type.bundle.ui-testing";
		};
/* End PBXNativeTarget section */

/* Begin PBXProject section */
		4002F9142DFD10F7009E3B6A /* Project object */ = {
			isa = PBXProject;
			attributes = {
				BuildIndependentTargetsInParallel = 1;
				LastSwiftUpdateCheck = 1620;
				LastUpgradeCheck = 1620;
				TargetAttributes = {
					4002F91B2DFD10F8009E3B6A = {
						CreatedOnToolsVersion = 16.2;
					};
					4002F92C2DFD10FB009E3B6A = {
						CreatedOnToolsVersion = 16.2;
						TestTargetID = 4002F91B2DFD10F8009E3B6A;
					};
					4002F9362DFD10FC009E3B6A = {
						CreatedOnToolsVersion = 16.2;
						TestTargetID = 4002F91B2DFD10F8009E3B6A;
					};
				};
			};
			buildConfigurationList = 4002F9172DFD10F8009E3B6A /* Build configuration list for PBXProject "BlackmouthFront" */;
			developmentRegion = en;
			hasScannedForEncodings = 0;
			knownRegions = (
				en,
				Base,
			);
			mainGroup = 4002F9132DFD10F7009E3B6A;
			minimizedProjectReferenceProxies = 1;
			preferredProjectObjectVersion = 77;
			productRefGroup = 4002F91D2DFD10F8009E3B6A /* Products */;
			projectDirPath = "";
			projectRoot = "";
			targets = (
				4002F91B2DFD10F8009E3B6A /* BlackmouthFront */,
				4002F92C2DFD10FB009E3B6A /* BlackmouthFrontTests */,
				4002F9362DFD10FC009E3B6A /* BlackmouthFrontUITests */,
			);
		};
/* End PBXProject section */

/* Begin PBXResourcesBuildPhase section */
		4002F91A2DFD10F8009E3B6A /* Resources */ = {
			isa = PBXResourcesBuildPhase;
			buildActionMask = 2147483647;
			files = (
			);
			runOnlyForDeploymentPostprocessing = 0;
		};
		4002F92B2DFD10FB009E3B6A /* Resources */ = {
			isa = PBXResourcesBuildPhase;
			buildActionMask = 2147483647;
			files = (
			);
			runOnlyForDeploymentPostprocessing = 0;
		};
		4002F9352DFD10FC009E3B6A /* Resources */ = {
			isa = PBXResourcesBuildPhase;
			buildActionMask = 2147483647;
			files = (
			);
			runOnlyForDeploymentPostprocessing = 0;
		};
/* End PBXResourcesBuildPhase section */

/* Begin PBXSourcesBuildPhase section */
		4002F9182DFD10F8009E3B6A /* Sources */ = {
			isa = PBXSourcesBuildPhase;
			buildActionMask = 2147483647;
			files = (
			);
			runOnlyForDeploymentPostprocessing = 0;
		};
		4002F9292DFD10FB009E3B6A /* Sources */ = {
			isa = PBXSourcesBuildPhase;
			buildActionMask = 2147483647;
			files = (
			);
			runOnlyForDeploymentPostprocessing = 0;
		};
		4002F9332DFD10FC009E3B6A /* Sources */ = {
			isa = PBXSourcesBuildPhase;
			buildActionMask = 2147483647;
			files = (
			);
			runOnlyForDeploymentPostprocessing = 0;
		};
/* End PBXSourcesBuildPhase section */

/* Begin PBXTargetDependency section */
		4002F92F2DFD10FB009E3B6A /* PBXTargetDependency */ = {
			isa = PBXTargetDependency;
			target = 4002F91B2DFD10F8009E3B6A /* BlackmouthFront */;
			targetProxy = 4002F92E2DFD10FB009E3B6A /* PBXContainerItemProxy */;
		};
		4002F9392DFD10FC009E3B6A /* PBXTargetDependency */ = {
			isa = PBXTargetDependency;
			target = 4002F91B2DFD10F8009E3B6A /* BlackmouthFront */;
			targetProxy = 4002F9382DFD10FC009E3B6A /* PBXContainerItemProxy */;
		};
/* End PBXTargetDependency section */

/* Begin XCBuildConfiguration section */
		4002F93F2DFD10FC009E3B6A /* Debug */ = {
			isa = XCBuildConfiguration;
			buildSettings = {
				ALWAYS_SEARCH_USER_PATHS = NO;
				ASSETCATALOG_COMPILER_GENERATE_SWIFT_ASSET_SYMBOL_EXTENSIONS = YES;
				CLANG_ANALYZER_NONNULL = YES;
				CLANG_ANALYZER_NUMBER_OBJECT_CONVERSION = YES_AGGRESSIVE;
				CLANG_CXX_LANGUAGE_STANDARD = "gnu++20";
				CLANG_ENABLE_MODULES = YES;
				CLANG_ENABLE_OBJC_ARC = YES;
				CLANG_ENABLE_OBJC_WEAK = YES;
				CLANG_WARN_BLOCK_CAPTURE_AUTORELEASING = YES;
				CLANG_WARN_BOOL_CONVERSION = YES;
				CLANG_WARN_COMMA = YES;
				CLANG_WARN_CONSTANT_CONVERSION = YES;
				CLANG_WARN_DEPRECATED_OBJC_IMPLEMENTATIONS = YES;
				CLANG_WARN_DIRECT_OBJC_ISA_USAGE = YES_ERROR;
				CLANG_WARN_DOCUMENTATION_COMMENTS = YES;
				CLANG_WARN_EMPTY_BODY = YES;
				CLANG_WARN_ENUM_CONVERSION = YES;
				CLANG_WARN_INFINITE_RECURSION = YES;
				CLANG_WARN_INT_CONVERSION = YES;
				CLANG_WARN_NON_LITERAL_NULL_CONVERSION = YES;
				CLANG_WARN_OBJC_IMPLICIT_RETAIN_SELF = YES;
				CLANG_WARN_OBJC_LITERAL_CONVERSION = YES;
				CLANG_WARN_OBJC_ROOT_CLASS = YES_ERROR;
				CLANG_WARN_QUOTED_INCLUDE_IN_FRAMEWORK_HEADER = YES;
				CLANG_WARN_RANGE_LOOP_ANALYSIS = YES;
				CLANG_WARN_STRICT_PROTOTYPES = YES;
				CLANG_WARN_SUSPICIOUS_MOVE = YES;
				CLANG_WARN_UNGUARDED_AVAILABILITY = YES_AGGRESSIVE;
				CLANG_WARN_UNREACHABLE_CODE = YES;
				CLANG_WARN__DUPLICATE_METHOD_MATCH = YES;
				COPY_PHASE_STRIP = NO;
				DEBUG_INFORMATION_FORMAT = dwarf;
				ENABLE_STRICT_OBJC_MSGSEND = YES;
				ENABLE_TESTABILITY = YES;
				ENABLE_USER_SCRIPT_SANDBOXING = YES;
				GCC_C_LANGUAGE_STANDARD = gnu17;
				GCC_DYNAMIC_NO_PIC = NO;
				GCC_NO_COMMON_BLOCKS = YES;
				GCC_OPTIMIZATION_LEVEL = 0;
				GCC_PREPROCESSOR_DEFINITIONS = (
					"DEBUG=1",
					"$(inherited)",
				);
				GCC_WARN_64_TO_32_BIT_CONVERSION = YES;
				GCC_WARN_ABOUT_RETURN_TYPE = YES_ERROR;
				GCC_WARN_UNDECLARED_SELECTOR = YES;
				GCC_WARN_UNINITIALIZED_AUTOS = YES_AGGRESSIVE;
				GCC_WARN_UNUSED_FUNCTION = YES;
				GCC_WARN_UNUSED_VARIABLE = YES;
				LOCALIZATION_PREFERS_STRING_CATALOGS = YES;
				MACOSX_DEPLOYMENT_TARGET = 15.2;
				MTL_ENABLE_DEBUG_INFO = INCLUDE_SOURCE;
				MTL_FAST_MATH = YES;
				ONLY_ACTIVE_ARCH = YES;
				SDKROOT = macosx;
				SWIFT_ACTIVE_COMPILATION_CONDITIONS = "DEBUG $(inherited)";
				SWIFT_OPTIMIZATION_LEVEL = "-Onone";
			};
			name = Debug;
		};
		4002F9402DFD10FC009E3B6A /* Release */ = {
			isa = XCBuildConfiguration;
			buildSettings = {
				ALWAYS_SEARCH_USER_PATHS = NO;
				ASSETCATALOG_COMPILER_GENERATE_SWIFT_ASSET_SYMBOL_EXTENSIONS = YES;
				CLANG_ANALYZER_NONNULL = YES;
				CLANG_ANALYZER_NUMBER_OBJECT_CONVERSION = YES_AGGRESSIVE;
				CLANG_CXX_LANGUAGE_STANDARD = "gnu++20";
				CLANG_ENABLE_MODULES = YES;
				CLANG_ENABLE_OBJC_ARC = YES;
				CLANG_ENABLE_OBJC_WEAK = YES;
				CLANG_WARN_BLOCK_CAPTURE_AUTORELEASING = YES;
				CLANG_WARN_BOOL_CONVERSION = YES;
				CLANG_WARN_COMMA = YES;
				CLANG_WARN_CONSTANT_CONVERSION = YES;
				CLANG_WARN_DEPRECATED_OBJC_IMPLEMENTATIONS = YES;
				CLANG_WARN_DIRECT_OBJC_ISA_USAGE = YES_ERROR;
				CLANG_WARN_DOCUMENTATION_COMMENTS = YES;
				CLANG_WARN_EMPTY_BODY = YES;
				CLANG_WARN_ENUM_CONVERSION = YES;
				CLANG_WARN_INFINITE_RECURSION = YES;
				CLANG_WARN_INT_CONVERSION = YES;
				CLANG_WARN_NON_LITERAL_NULL_CONVERSION = YES;
				CLANG_WARN_OBJC_IMPLICIT_RETAIN_SELF = YES;
				CLANG_WARN_OBJC_LITERAL_CONVERSION = YES;
				CLANG_WARN_OBJC_ROOT_CLASS = YES_ERROR;
				CLANG_WARN_QUOTED_INCLUDE_IN_FRAMEWORK_HEADER = YES;
				CLANG_WARN_RANGE_LOOP_ANALYSIS = YES;
				CLANG_WARN_STRICT_PROTOTYPES = YES;
				CLANG_WARN_SUSPICIOUS_MOVE = YES;
				CLANG_WARN_UNGUARDED_AVAILABILITY = YES_AGGRESSIVE;
				CLANG_WARN_UNREACHABLE_CODE = YES;
				CLANG_WARN__DUPLICATE_METHOD_MATCH = YES;
				COPY_PHASE_STRIP = NO;
				DEBUG_INFORMATION_FORMAT = "dwarf-with-dsym";
				ENABLE_NS_ASSERTIONS = NO;
				ENABLE_STRICT_OBJC_MSGSEND = YES;
				ENABLE_USER_SCRIPT_SANDBOXING = YES;
				GCC_C_LANGUAGE_STANDARD = gnu17;
				GCC_NO_COMMON_BLOCKS = YES;
				GCC_WARN_64_TO_32_BIT_CONVERSION = YES;
				GCC_WARN_ABOUT_RETURN_TYPE = YES_ERROR;
				GCC_WARN_UNDECLARED_SELECTOR = YES;
				GCC_WARN_UNINITIALIZED_AUTOS = YES_AGGRESSIVE;
				GCC_WARN_UNUSED_FUNCTION = YES;
				GCC_WARN_UNUSED_VARIABLE = YES;
				LOCALIZATION_PREFERS_STRING_CATALOGS = YES;
				MACOSX_DEPLOYMENT_TARGET = 15.2;
				MTL_ENABLE_DEBUG_INFO = NO;
				MTL_FAST_MATH = YES;
				SDKROOT = macosx;
				SWIFT_COMPILATION_MODE = wholemodule;
			};
			name = Release;
		};
		4002F9422DFD10FC009E3B6A /* Debug */ = {
			isa = XCBuildConfiguration;
			buildSettings = {
				ASSETCATALOG_COMPILER_APPICON_NAME = AppIcon;
				ASSETCATALOG_COMPILER_GLOBAL_ACCENT_COLOR_NAME = AccentColor;
				CODE_SIGN_ENTITLEMENTS = BlackmouthFront/BlackmouthFront.entitlements;
				CODE_SIGN_STYLE = Automatic;
				COMBINE_HIDPI_IMAGES = YES;
				CURRENT_PROJECT_VERSION = 1;
				DEVELOPMENT_ASSET_PATHS = "\"BlackmouthFront/Preview Content\"";
				ENABLE_PREVIEWS = YES;
				GENERATE_INFOPLIST_FILE = YES;
				INFOPLIST_KEY_NSHumanReadableCopyright = "";
				LD_RUNPATH_SEARCH_PATHS = (
					"$(inherited)",
					"@executable_path/../Frameworks",
				);
				MARKETING_VERSION = 1.0;
				PRODUCT_BUNDLE_IDENTIFIER = tareas.BlackmouthFront;
				PRODUCT_NAME = "$(TARGET_NAME)";
				SWIFT_EMIT_LOC_STRINGS = YES;
				SWIFT_VERSION = 5.0;
			};
			name = Debug;
		};
		4002F9432DFD10FC009E3B6A /* Release */ = {
			isa = XCBuildConfiguration;
			buildSettings = {
				ASSETCATALOG_COMPILER_APPICON_NAME = AppIcon;
				ASSETCATALOG_COMPILER_GLOBAL_ACCENT_COLOR_NAME = AccentColor;
				CODE_SIGN_ENTITLEMENTS = BlackmouthFront/BlackmouthFront.entitlements;
				CODE_SIGN_STYLE = Automatic;
				COMBINE_HIDPI_IMAGES = YES;
				CURRENT_PROJECT_VERSION = 1;
				DEVELOPMENT_ASSET_PATHS = "\"BlackmouthFront/Preview Content\"";
				ENABLE_PREVIEWS = YES;
				GENERATE_INFOPLIST_FILE = YES;
				INFOPLIST_KEY_NSHumanReadableCopyright = "";
				LD_RUNPATH_SEARCH_PATHS = (
					"$(inherited)",
					"@executable_path/../Frameworks",
				);
				MARKETING_VERSION = 1.0;
				PRODUCT_BUNDLE_IDENTIFIER = tareas.BlackmouthFront;
				PRODUCT_NAME = "$(TARGET_NAME)";
				SWIFT_EMIT_LOC_STRINGS = YES;
				SWIFT_VERSION = 5.0;
			};
			name = Release;
		};
		4002F9452DFD10FC009E3B6A /* Debug */ = {
			isa = XCBuildConfiguration;
			buildSettings = {
				BUNDLE_LOADER = "$(TEST_HOST)";
				CODE_SIGN_STYLE = Automatic;
				CURRENT_PROJECT_VERSION = 1;
				GENERATE_INFOPLIST_FILE = YES;
				MACOSX_DEPLOYMENT_TARGET = 15.2;
				MARKETING_VERSION = 1.0;
				PRODUCT_BUNDLE_IDENTIFIER = tareas.BlackmouthFrontTests;
				PRODUCT_NAME = "$(TARGET_NAME)";
				SWIFT_EMIT_LOC_STRINGS = NO;
				SWIFT_VERSION = 5.0;
				TEST_HOST = "$(BUILT_PRODUCTS_DIR)/BlackmouthFront.app/$(BUNDLE_EXECUTABLE_FOLDER_PATH)/BlackmouthFront";
			};
			name = Debug;
		};
		4002F9462DFD10FC009E3B6A /* Release */ = {
			isa = XCBuildConfiguration;
			buildSettings = {
				BUNDLE_LOADER = "$(TEST_HOST)";
				CODE_SIGN_STYLE = Automatic;
				CURRENT_PROJECT_VERSION = 1;
				GENERATE_INFOPLIST_FILE = YES;
				MACOSX_DEPLOYMENT_TARGET = 15.2;
				MARKETING_VERSION = 1.0;
				PRODUCT_BUNDLE_IDENTIFIER = tareas.BlackmouthFrontTests;
				PRODUCT_NAME = "$(TARGET_NAME)";
				SWIFT_EMIT_LOC_STRINGS = NO;
				SWIFT_VERSION = 5.0;
				TEST_HOST = "$(BUILT_PRODUCTS_DIR)/BlackmouthFront.app/$(BUNDLE_EXECUTABLE_FOLDER_PATH)/BlackmouthFront";
			};
			name = Release;
		};
		4002F9482DFD10FC009E3B6A /* Debug */ = {
			isa = XCBuildConfiguration;
			buildSettings = {
				CODE_SIGN_STYLE = Automatic;
				CURRENT_PROJECT_VERSION = 1;
				GENERATE_INFOPLIST_FILE = YES;
				MARKETING_VERSION = 1.0;
				PRODUCT_BUNDLE_IDENTIFIER = tareas.BlackmouthFrontUITests;
				PRODUCT_NAME = "$(TARGET_NAME)";
				SWIFT_EMIT_LOC_STRINGS = NO;
				SWIFT_VERSION = 5.0;
				TEST_TARGET_NAME = BlackmouthFront;
			};
			name = Debug;
		};
		4002F9492DFD10FC009E3B6A /* Release */ = {
			isa = XCBuildConfiguration;
			buildSettings = {
				CODE_SIGN_STYLE = Automatic;
				CURRENT_PROJECT_VERSION = 1;
				GENERATE_INFOPLIST_FILE = YES;
				MARKETING_VERSION = 1.0;
				PRODUCT_BUNDLE_IDENTIFIER = tareas.BlackmouthFrontUITests;
				PRODUCT_NAME = "$(TARGET_NAME)";
				SWIFT_EMIT_LOC_STRINGS = NO;
				SWIFT_VERSION = 5.0;
				TEST_TARGET_NAME = BlackmouthFront;
			};
			name = Release;
		};
/* End XCBuildConfiguration section */

/* Begin XCConfigurationList section */
		4002F9172DFD10F8009E3B6A /* Build configuration list for PBXProject "BlackmouthFront" */ = {
			isa = XCConfigurationList;
			buildConfigurations = (
				4002F93F2DFD10FC009E3B6A /* Debug */,
				4002F9402DFD10FC009E3B6A /* Release */,
			);
			defaultConfigurationIsVisible = 0;
			defaultConfigurationName = Release;
		};
		4002F9412DFD10FC009E3B6A /* Build configuration list for PBXNativeTarget "BlackmouthFront" */ = {
			isa = XCConfigurationList;
			buildConfigurations = (
				4002F9422DFD10FC009E3B6A /* Debug */,
				4002F9432DFD10FC009E3B6A /* Release */,
			);
			defaultConfigurationIsVisible = 0;
			defaultConfigurationName = Release;
		};
		4002F9442DFD10FC009E3B6A /* Build configuration list for PBXNativeTarget "BlackmouthFrontTests" */ = {
			isa = XCConfigurationList;
			buildConfigurations = (
				4002F9452DFD10FC009E3B6A /* Debug */,
				4002F9462DFD10FC009E3B6A /* Release */,
			);
			defaultConfigurationIsVisible = 0;
			defaultConfigurationName = Release;
		};
		4002F9472DFD10FC009E3B6A /* Build configuration list for PBXNativeTarget "BlackmouthFrontUITests" */ = {
			isa = XCConfigurationList;
			buildConfigurations = (
				4002F9482DFD10FC009E3B6A /* Debug */,
				4002F9492DFD10FC009E3B6A /* Release */,
			);
			defaultConfigurationIsVisible = 0;
			defaultConfigurationName = Release;
		};
/* End XCConfigurationList section */
	};
	rootObject = 4002F9142DFD10F7009E3B6A /* Project object */;
}
